// !$*UTF8*$!
{
	archiveVersion = 1;
	classes = {
	};
	objectVersion = 77;
	objects = {

/* Begin PBXBuildFile section */
		F5381DED2CE10D6B00984D52 /* ComposableArchitecture in Frameworks */ = {isa = PBXBuildFile; productRef = F5381DEC2CE10D6B00984D52 /* ComposableArchitecture */; };
/* End PBXBuildFile section */

/* Begin PBXContainerItemProxy section */
		F5381DC72CE1029C00984D52 /* PBXContainerItemProxy */ = {
			isa = PBXContainerItemProxy;
			containerPortal = F5381DAE2CE1029B00984D52 /* Project object */;
			proxyType = 1;
			remoteGlobalIDString = F5381DB52CE1029B00984D52;
			remoteInfo = VirdiZeban;
		};
		F5381DD12CE1029D00984D52 /* PBXContainerItemProxy */ = {
			isa = PBXContainerItemProxy;
			containerPortal = F5381DAE2CE1029B00984D52 /* Project object */;
			proxyType = 1;
			remoteGlobalIDString = F5381DB52CE1029B00984D52;
			remoteInfo = VirdiZeban;
		};
/* End PBXContainerItemProxy section */

/* Begin PBXFileReference section */
		F5381DB62CE1029B00984D52 /* VirdiZeban.app */ = {isa = PBXFileReference; explicitFileType = wrapper.application; includeInIndex = 0; path = VirdiZeban.app; sourceTree = BUILT_PRODUCTS_DIR; };
		F5381DC62CE1029C00984D52 /* VirdiZebanTests.xctest */ = {isa = PBXFileReference; explicitFileType = wrapper.cfbundle; includeInIndex = 0; path = VirdiZebanTests.xctest; sourceTree = BUILT_PRODUCTS_DIR; };
		F5381DD02CE1029D00984D52 /* VirdiZebanUITests.xctest */ = {isa = PBXFileReference; explicitFileType = wrapper.cfbundle; includeInIndex = 0; path = VirdiZebanUITests.xctest; sourceTree = BUILT_PRODUCTS_DIR; };
/* End PBXFileReference section */

/* Begin PBXFileSystemSynchronizedRootGroup section */
		F5381DB82CE1029B00984D52 /* VirdiZeban */ = {
			isa = PBXFileSystemSynchronizedRootGroup;
			path = VirdiZeban;
			sourceTree = "<group>";
		};
		F5381DC92CE1029C00984D52 /* VirdiZebanTests */ = {
			isa = PBXFileSystemSynchronizedRootGroup;
			path = VirdiZebanTests;
			sourceTree = "<group>";
		};
		F5381DD32CE1029D00984D52 /* VirdiZebanUITests */ = {
			isa = PBXFileSystemSynchronizedRootGroup;
			path = VirdiZebanUITests;
			sourceTree = "<group>";
		};
/* End PBXFileSystemSynchronizedRootGroup section */

/* Begin PBXFrameworksBuildPhase section */
		F5381DB32CE1029B00984D52 /* Frameworks */ = {
			isa = PBXFrameworksBuildPhase;
			buildActionMask = 2147483647;
			files = (
				F5381DED2CE10D6B00984D52 /* ComposableArchitecture in Frameworks */,
			);
			runOnlyForDeploymentPostprocessing = 0;
		};
		F5381DC32CE1029C00984D52 /* Frameworks */ = {
			isa = PBXFrameworksBuildPhase;
			buildActionMask = 2147483647;
			files = (
			);
			runOnlyForDeploymentPostprocessing = 0;
		};
		F5381DCD2CE1029D00984D52 /* Frameworks */ = {
			isa = PBXFrameworksBuildPhase;
			buildActionMask = 2147483647;
			files = (
			);
			runOnlyForDeploymentPostprocessing = 0;
		};
/* End PBXFrameworksBuildPhase section */

/* Begin PBXGroup section */
		F5381DAD2CE1029B00984D52 = {
			isa = PBXGroup;
			children = (
				F5381DB82CE1029B00984D52 /* VirdiZeban */,
				F5381DC92CE1029C00984D52 /* VirdiZebanTests */,
				F5381DD32CE1029D00984D52 /* VirdiZebanUITests */,
				F5381DB72CE1029B00984D52 /* Products */,
			);
			sourceTree = "<group>";
		};
		F5381DB72CE1029B00984D52 /* Products */ = {
			isa = PBXGroup;
			children = (
				F5381DB62CE1029B00984D52 /* VirdiZeban.app */,
				F5381DC62CE1029C00984D52 /* VirdiZebanTests.xctest */,
				F5381DD02CE1029D00984D52 /* VirdiZebanUITests.xctest */,
			);
			name = Products;
			sourceTree = "<group>";
		};
/* End PBXGroup section */

/* Begin PBXNativeTarget section */
		F5381DB52CE1029B00984D52 /* VirdiZeban */ = {
			isa = PBXNativeTarget;
			buildConfigurationList = F5381DDA2CE1029D00984D52 /* Build configuration list for PBXNativeTarget "VirdiZeban" */;
			buildPhases = (
				F5381DB22CE1029B00984D52 /* Sources */,
				F5381DB32CE1029B00984D52 /* Frameworks */,
				F5381DB42CE1029B00984D52 /* Resources */,
			);
			buildRules = (
			);
			dependencies = (
			);
			fileSystemSynchronizedGroups = (
				F5381DB82CE1029B00984D52 /* VirdiZeban */,
			);
			name = VirdiZeban;
			packageProductDependencies = (
				F5381DEC2CE10D6B00984D52 /* ComposableArchitecture */,
			);
			productName = VirdiZeban;
			productReference = F5381DB62CE1029B00984D52 /* VirdiZeban.app */;
			productType = "com.apple.product-type.application";
		};
		F5381DC52CE1029C00984D52 /* VirdiZebanTests */ = {
			isa = PBXNativeTarget;
			buildConfigurationList = F5381DDD2CE1029D00984D52 /* Build configuration list for PBXNativeTarget "VirdiZebanTests" */;
			buildPhases = (
				F5381DC22CE1029C00984D52 /* Sources */,
				F5381DC32CE1029C00984D52 /* Frameworks */,
				F5381DC42CE1029C00984D52 /* Resources */,
			);
			buildRules = (
			);
			dependencies = (
				F5381DC82CE1029C00984D52 /* PBXTargetDependency */,
			);
			fileSystemSynchronizedGroups = (
				F5381DC92CE1029C00984D52 /* VirdiZebanTests */,
			);
			name = VirdiZebanTests;
			packageProductDependencies = (
			);
			productName = VirdiZebanTests;
			productReference = F5381DC62CE1029C00984D52 /* VirdiZebanTests.xctest */;
			productType = "com.apple.product-type.bundle.unit-test";
		};
		F5381DCF2CE1029D00984D52 /* VirdiZebanUITests */ = {
			isa = PBXNativeTarget;
			buildConfigurationList = F5381DE02CE1029D00984D52 /* Build configuration list for PBXNativeTarget "VirdiZebanUITests" */;
			buildPhases = (
				F5381DCC2CE1029D00984D52 /* Sources */,
				F5381DCD2CE1029D00984D52 /* Frameworks */,
				F5381DCE2CE1029D00984D52 /* Resources */,
			);
			buildRules = (
			);
			dependencies = (
				F5381DD22CE1029D00984D52 /* PBXTargetDependency */,
			);
			fileSystemSynchronizedGroups = (
				F5381DD32CE1029D00984D52 /* VirdiZebanUITests */,
			);
			name = VirdiZebanUITests;
			packageProductDependencies = (
			);
			productName = VirdiZebanUITests;
			productReference = F5381DD02CE1029D00984D52 /* VirdiZebanUITests.xctest */;
			productType = "com.apple.product-type.bundle.ui-testing";
		};
/* End PBXNativeTarget section */

/* Begin PBXProject section */
		F5381DAE2CE1029B00984D52 /* Project object */ = {
			isa = PBXProject;
			attributes = {
				BuildIndependentTargetsInParallel = 1;
				LastSwiftUpdateCheck = 1610;
				LastUpgradeCheck = 1610;
				TargetAttributes = {
					F5381DB52CE1029B00984D52 = {
						CreatedOnToolsVersion = 16.1;
					};
					F5381DC52CE1029C00984D52 = {
						CreatedOnToolsVersion = 16.1;
						TestTargetID = F5381DB52CE1029B00984D52;
					};
					F5381DCF2CE1029D00984D52 = {
						CreatedOnToolsVersion = 16.1;
						TestTargetID = F5381DB52CE1029B00984D52;
					};
				};
			};
			buildConfigurationList = F5381DB12CE1029B00984D52 /* Build configuration list for PBXProject "VirdiZeban" */;
			developmentRegion = en;
			hasScannedForEncodings = 0;
			knownRegions = (
				en,
				Base,
			);
			mainGroup = F5381DAD2CE1029B00984D52;
			minimizedProjectReferenceProxies = 1;
			packageReferences = (
				F5381DEB2CE10D0000984D52 /* XCRemoteSwiftPackageReference "swift-composable-architecture" */,
			);
			preferredProjectObjectVersion = 77;
			productRefGroup = F5381DB72CE1029B00984D52 /* Products */;
			projectDirPath = "";
			projectRoot = "";
			targets = (
				F5381DB52CE1029B00984D52 /* VirdiZeban */,
				F5381DC52CE1029C00984D52 /* VirdiZebanTests */,
				F5381DCF2CE1029D00984D52 /* VirdiZebanUITests */,
			);
		};
/* End PBXProject section */

/* Begin PBXResourcesBuildPhase section */
		F5381DB42CE1029B00984D52 /* Resources */ = {
			isa = PBXResourcesBuildPhase;
			buildActionMask = 2147483647;
			files = (
			);
			runOnlyForDeploymentPostprocessing = 0;
		};
		F5381DC42CE1029C00984D52 /* Resources */ = {
			isa = PBXResourcesBuildPhase;
			buildActionMask = 2147483647;
			files = (
			);
			runOnlyForDeploymentPostprocessing = 0;
		};
		F5381DCE2CE1029D00984D52 /* Resources */ = {
			isa = PBXResourcesBuildPhase;
			buildActionMask = 2147483647;
			files = (
			);
			runOnlyForDeploymentPostprocessing = 0;
		};
/* End PBXResourcesBuildPhase section */

/* Begin PBXSourcesBuildPhase section */
		F5381DB22CE1029B00984D52 /* Sources */ = {
			isa = PBXSourcesBuildPhase;
			buildActionMask = 2147483647;
			files = (
			);
			runOnlyForDeploymentPostprocessing = 0;
		};
		F5381DC22CE1029C00984D52 /* Sources */ = {
			isa = PBXSourcesBuildPhase;
			buildActionMask = 2147483647;
			files = (
			);
			runOnlyForDeploymentPostprocessing = 0;
		};
		F5381DCC2CE1029D00984D52 /* Sources */ = {
			isa = PBXSourcesBuildPhase;
			buildActionMask = 2147483647;
			files = (
			);
			runOnlyForDeploymentPostprocessing = 0;
		};
/* End PBXSourcesBuildPhase section */

/* Begin PBXTargetDependency section */
		F5381DC82CE1029C00984D52 /* PBXTargetDependency */ = {
			isa = PBXTargetDependency;
			target = F5381DB52CE1029B00984D52 /* VirdiZeban */;
			targetProxy = F5381DC72CE1029C00984D52 /* PBXContainerItemProxy */;
		};
		F5381DD22CE1029D00984D52 /* PBXTargetDependency */ = {
			isa = PBXTargetDependency;
			target = F5381DB52CE1029B00984D52 /* VirdiZeban */;
			targetProxy = F5381DD12CE1029D00984D52 /* PBXContainerItemProxy */;
		};
/* End PBXTargetDependency section */

/* Begin XCBuildConfiguration section */
		F5381DD82CE1029D00984D52 /* Debug */ = {
			isa = XCBuildConfiguration;
			buildSettings = {
				ALWAYS_SEARCH_USER_PATHS = NO;
				ASSETCATALOG_COMPILER_GENERATE_SWIFT_ASSET_SYMBOL_EXTENSIONS = YES;
				CLANG_ANALYZER_NONNULL = YES;
				CLANG_ANALYZER_NUMBER_OBJECT_CONVERSION = YES_AGGRESSIVE;
				CLANG_CXX_LANGUAGE_STANDARD = "gnu++20";
				CLANG_ENABLE_MODULES = YES;
				CLANG_ENABLE_OBJC_ARC = YES;
				CLANG_ENABLE_OBJC_WEAK = YES;
				CLANG_WARN_BLOCK_CAPTURE_AUTORELEASING = YES;
				CLANG_WARN_BOOL_CONVERSION = YES;
				CLANG_WARN_COMMA = YES;
				CLANG_WARN_CONSTANT_CONVERSION = YES;
				CLANG_WARN_DEPRECATED_OBJC_IMPLEMENTATIONS = YES;
				CLANG_WARN_DIRECT_OBJC_ISA_USAGE = YES_ERROR;
				CLANG_WARN_DOCUMENTATION_COMMENTS = YES;
				CLANG_WARN_EMPTY_BODY = YES;
				CLANG_WARN_ENUM_CONVERSION = YES;
				CLANG_WARN_INFINITE_RECURSION = YES;
				CLANG_WARN_INT_CONVERSION = YES;
				CLANG_WARN_NON_LITERAL_NULL_CONVERSION = YES;
				CLANG_WARN_OBJC_IMPLICIT_RETAIN_SELF = YES;
				CLANG_WARN_OBJC_LITERAL_CONVERSION = YES;
				CLANG_WARN_OBJC_ROOT_CLASS = YES_ERROR;
				CLANG_WARN_QUOTED_INCLUDE_IN_FRAMEWORK_HEADER = YES;
				CLANG_WARN_RANGE_LOOP_ANALYSIS = YES;
				CLANG_WARN_STRICT_PROTOTYPES = YES;
				CLANG_WARN_SUSPICIOUS_MOVE = YES;
				CLANG_WARN_UNGUARDED_AVAILABILITY = YES_AGGRESSIVE;
				CLANG_WARN_UNREACHABLE_CODE = YES;
				CLANG_WARN__DUPLICATE_METHOD_MATCH = YES;
				COPY_PHASE_STRIP = NO;
				DEBUG_INFORMATION_FORMAT = dwarf;
				ENABLE_STRICT_OBJC_MSGSEND = YES;
				ENABLE_TESTABILITY = YES;
				ENABLE_USER_SCRIPT_SANDBOXING = YES;
				GCC_C_LANGUAGE_STANDARD = gnu17;
				GCC_DYNAMIC_NO_PIC = NO;
				GCC_NO_COMMON_BLOCKS = YES;
				GCC_OPTIMIZATION_LEVEL = 0;
				GCC_PREPROCESSOR_DEFINITIONS = (
					"DEBUG=1",
					"$(inherited)",
				);
				GCC_WARN_64_TO_32_BIT_CONVERSION = YES;
				GCC_WARN_ABOUT_RETURN_TYPE = YES_ERROR;
				GCC_WARN_UNDECLARED_SELECTOR = YES;
				GCC_WARN_UNINITIALIZED_AUTOS = YES_AGGRESSIVE;
				GCC_WARN_UNUSED_FUNCTION = YES;
				GCC_WARN_UNUSED_VARIABLE = YES;
				IPHONEOS_DEPLOYMENT_TARGET = 18.1;
				LOCALIZATION_PREFERS_STRING_CATALOGS = YES;
				MTL_ENABLE_DEBUG_INFO = INCLUDE_SOURCE;
				MTL_FAST_MATH = YES;
				ONLY_ACTIVE_ARCH = YES;
				SDKROOT = iphoneos;
				SWIFT_ACTIVE_COMPILATION_CONDITIONS = "DEBUG $(inherited)";
				SWIFT_OPTIMIZATION_LEVEL = "-Onone";
			};
			name = Debug;
		};
		F5381DD92CE1029D00984D52 /* Release */ = {
			isa = XCBuildConfiguration;
			buildSettings = {
				ALWAYS_SEARCH_USER_PATHS = NO;
				ASSETCATALOG_COMPILER_GENERATE_SWIFT_ASSET_SYMBOL_EXTENSIONS = YES;
				CLANG_ANALYZER_NONNULL = YES;
				CLANG_ANALYZER_NUMBER_OBJECT_CONVERSION = YES_AGGRESSIVE;
				CLANG_CXX_LANGUAGE_STANDARD = "gnu++20";
				CLANG_ENABLE_MODULES = YES;
				CLANG_ENABLE_OBJC_ARC = YES;
				CLANG_ENABLE_OBJC_WEAK = YES;
				CLANG_WARN_BLOCK_CAPTURE_AUTORELEASING = YES;
				CLANG_WARN_BOOL_CONVERSION = YES;
				CLANG_WARN_COMMA = YES;
				CLANG_WARN_CONSTANT_CONVERSION = YES;
				CLANG_WARN_DEPRECATED_OBJC_IMPLEMENTATIONS = YES;
				CLANG_WARN_DIRECT_OBJC_ISA_USAGE = YES_ERROR;
				CLANG_WARN_DOCUMENTATION_COMMENTS = YES;
				CLANG_WARN_EMPTY_BODY = YES;
				CLANG_WARN_ENUM_CONVERSION = YES;
				CLANG_WARN_INFINITE_RECURSION = YES;
				CLANG_WARN_INT_CONVERSION = YES;
				CLANG_WARN_NON_LITERAL_NULL_CONVERSION = YES;
				CLANG_WARN_OBJC_IMPLICIT_RETAIN_SELF = YES;
				CLANG_WARN_OBJC_LITERAL_CONVERSION = YES;
				CLANG_WARN_OBJC_ROOT_CLASS = YES_ERROR;
				CLANG_WARN_QUOTED_INCLUDE_IN_FRAMEWORK_HEADER = YES;
				CLANG_WARN_RANGE_LOOP_ANALYSIS = YES;
				CLANG_WARN_STRICT_PROTOTYPES = YES;
				CLANG_WARN_SUSPICIOUS_MOVE = YES;
				CLANG_WARN_UNGUARDED_AVAILABILITY = YES_AGGRESSIVE;
				CLANG_WARN_UNREACHABLE_CODE = YES;
				CLANG_WARN__DUPLICATE_METHOD_MATCH = YES;
				COPY_PHASE_STRIP = NO;
				DEBUG_INFORMATION_FORMAT = "dwarf-with-dsym";
				ENABLE_NS_ASSERTIONS = NO;
				ENABLE_STRICT_OBJC_MSGSEND = YES;
				ENABLE_USER_SCRIPT_SANDBOXING = YES;
				GCC_C_LANGUAGE_STANDARD = gnu17;
				GCC_NO_COMMON_BLOCKS = YES;
				GCC_WARN_64_TO_32_BIT_CONVERSION = YES;
				GCC_WARN_ABOUT_RETURN_TYPE = YES_ERROR;
				GCC_WARN_UNDECLARED_SELECTOR = YES;
				GCC_WARN_UNINITIALIZED_AUTOS = YES_AGGRESSIVE;
				GCC_WARN_UNUSED_FUNCTION = YES;
				GCC_WARN_UNUSED_VARIABLE = YES;
				IPHONEOS_DEPLOYMENT_TARGET = 18.1;
				LOCALIZATION_PREFERS_STRING_CATALOGS = YES;
				MTL_ENABLE_DEBUG_INFO = NO;
				MTL_FAST_MATH = YES;
				SDKROOT = iphoneos;
				SWIFT_COMPILATION_MODE = wholemodule;
				VALIDATE_PRODUCT = YES;
			};
			name = Release;
		};
		F5381DDB2CE1029D00984D52 /* Debug */ = {
			isa = XCBuildConfiguration;
			buildSettings = {
				ASSETCATALOG_COMPILER_APPICON_NAME = AppIcon;
				ASSETCATALOG_COMPILER_GLOBAL_ACCENT_COLOR_NAME = AccentColor;
				CODE_SIGN_STYLE = Automatic;
				CURRENT_PROJECT_VERSION = 1;
				DEVELOPMENT_ASSET_PATHS = "\"VirdiZeban/Preview Content\"";
				DEVELOPMENT_TEAM = A34GH6Z753;
				ENABLE_PREVIEWS = YES;
				GENERATE_INFOPLIST_FILE = YES;
				INFOPLIST_KEY_UIApplicationSceneManifest_Generation = YES;
				INFOPLIST_KEY_UIApplicationSupportsIndirectInputEvents = YES;
				INFOPLIST_KEY_UILaunchScreen_Generation = YES;
				INFOPLIST_KEY_UISupportedInterfaceOrientations_iPad = "UIInterfaceOrientationPortrait UIInterfaceOrientationPortraitUpsideDown UIInterfaceOrientationLandscapeLeft UIInterfaceOrientationLandscapeRight";
				INFOPLIST_KEY_UISupportedInterfaceOrientations_iPhone = "UIInterfaceOrientationPortrait UIInterfaceOrientationLandscapeLeft UIInterfaceOrientationLandscapeRight";
				LD_RUNPATH_SEARCH_PATHS = (
					"$(inherited)",
					"@executable_path/Frameworks",
				);
				MARKETING_VERSION = 1.0;
				PRODUCT_BUNDLE_IDENTIFIER = com.kamilcaglar.VirdiZeban;
				PRODUCT_NAME = "$(TARGET_NAME)";
				SWIFT_EMIT_LOC_STRINGS = YES;
				SWIFT_VERSION = 5.0;
				TARGETED_DEVICE_FAMILY = "1,2";
			};
			name = Debug;
		};
		F5381DDC2CE1029D00984D52 /* Release */ = {
			isa = XCBuildConfiguration;
			buildSettings = {
				ASSETCATALOG_COMPILER_APPICON_NAME = AppIcon;
				ASSETCATALOG_COMPILER_GLOBAL_ACCENT_COLOR_NAME = AccentColor;
				CODE_SIGN_STYLE = Automatic;
				CURRENT_PROJECT_VERSION = 1;
				DEVELOPMENT_ASSET_PATHS = "\"VirdiZeban/Preview Content\"";
				DEVELOPMENT_TEAM = A34GH6Z753;
				ENABLE_PREVIEWS = YES;
				GENERATE_INFOPLIST_FILE = YES;
				INFOPLIST_KEY_UIApplicationSceneManifest_Generation = YES;
				INFOPLIST_KEY_UIApplicationSupportsIndirectInputEvents = YES;
				INFOPLIST_KEY_UILaunchScreen_Generation = YES;
				INFOPLIST_KEY_UISupportedInterfaceOrientations_iPad = "UIInterfaceOrientationPortrait UIInterfaceOrientationPortraitUpsideDown UIInterfaceOrientationLandscapeLeft UIInterfaceOrientationLandscapeRight";
				INFOPLIST_KEY_UISupportedInterfaceOrientations_iPhone = "UIInterfaceOrientationPortrait UIInterfaceOrientationLandscapeLeft UIInterfaceOrientationLandscapeRight";
				LD_RUNPATH_SEARCH_PATHS = (
					"$(inherited)",
					"@executable_path/Frameworks",
				);
				MARKETING_VERSION = 1.0;
				PRODUCT_BUNDLE_IDENTIFIER = com.kamilcaglar.VirdiZeban;
				PRODUCT_NAME = "$(TARGET_NAME)";
				SWIFT_EMIT_LOC_STRINGS = YES;
				SWIFT_VERSION = 5.0;
				TARGETED_DEVICE_FAMILY = "1,2";
			};
			name = Release;
		};
		F5381DDE2CE1029D00984D52 /* Debug */ = {
			isa = XCBuildConfiguration;
			buildSettings = {
				BUNDLE_LOADER = "$(TEST_HOST)";
				CODE_SIGN_STYLE = Automatic;
				CURRENT_PROJECT_VERSION = 1;
				DEVELOPMENT_TEAM = A34GH6Z753;
				GENERATE_INFOPLIST_FILE = YES;
				IPHONEOS_DEPLOYMENT_TARGET = 18.1;
				MARKETING_VERSION = 1.0;
				PRODUCT_BUNDLE_IDENTIFIER = com.kamilcaglar.VirdiZebanTests;
				PRODUCT_NAME = "$(TARGET_NAME)";
				SWIFT_EMIT_LOC_STRINGS = NO;
				SWIFT_VERSION = 5.0;
				TARGETED_DEVICE_FAMILY = "1,2";
				TEST_HOST = "$(BUILT_PRODUCTS_DIR)/VirdiZeban.app/$(BUNDLE_EXECUTABLE_FOLDER_PATH)/VirdiZeban";
			};
			name = Debug;
		};
		F5381DDF2CE1029D00984D52 /* Release */ = {
			isa = XCBuildConfiguration;
			buildSettings = {
				BUNDLE_LOADER = "$(TEST_HOST)";
				CODE_SIGN_STYLE = Automatic;
				CURRENT_PROJECT_VERSION = 1;
				DEVELOPMENT_TEAM = A34GH6Z753;
				GENERATE_INFOPLIST_FILE = YES;
				IPHONEOS_DEPLOYMENT_TARGET = 18.1;
				MARKETING_VERSION = 1.0;
				PRODUCT_BUNDLE_IDENTIFIER = com.kamilcaglar.VirdiZebanTests;
				PRODUCT_NAME = "$(TARGET_NAME)";
				SWIFT_EMIT_LOC_STRINGS = NO;
				SWIFT_VERSION = 5.0;
				TARGETED_DEVICE_FAMILY = "1,2";
				TEST_HOST = "$(BUILT_PRODUCTS_DIR)/VirdiZeban.app/$(BUNDLE_EXECUTABLE_FOLDER_PATH)/VirdiZeban";
			};
			name = Release;
		};
		F5381DE12CE1029D00984D52 /* Debug */ = {
			isa = XCBuildConfiguration;
			buildSettings = {
				CODE_SIGN_STYLE = Automatic;
				CURRENT_PROJECT_VERSION = 1;
				DEVELOPMENT_TEAM = A34GH6Z753;
				GENERATE_INFOPLIST_FILE = YES;
				MARKETING_VERSION = 1.0;
				PRODUCT_BUNDLE_IDENTIFIER = com.kamilcaglar.VirdiZebanUITests;
				PRODUCT_NAME = "$(TARGET_NAME)";
				SWIFT_EMIT_LOC_STRINGS = NO;
				SWIFT_VERSION = 5.0;
				TARGETED_DEVICE_FAMILY = "1,2";
				TEST_TARGET_NAME = VirdiZeban;
			};
			name = Debug;
		};
		F5381DE22CE1029D00984D52 /* Release */ = {
			isa = XCBuildConfiguration;
			buildSettings = {
				CODE_SIGN_STYLE = Automatic;
				CURRENT_PROJECT_VERSION = 1;
				DEVELOPMENT_TEAM = A34GH6Z753;
				GENERATE_INFOPLIST_FILE = YES;
				MARKETING_VERSION = 1.0;
				PRODUCT_BUNDLE_IDENTIFIER = com.kamilcaglar.VirdiZebanUITests;
				PRODUCT_NAME = "$(TARGET_NAME)";
				SWIFT_EMIT_LOC_STRINGS = NO;
				SWIFT_VERSION = 5.0;
				TARGETED_DEVICE_FAMILY = "1,2";
				TEST_TARGET_NAME = VirdiZeban;
			};
			name = Release;
		};
/* End XCBuildConfiguration section */

/* Begin XCConfigurationList section */
		F5381DB12CE1029B00984D52 /* Build configuration list for PBXProject "VirdiZeban" */ = {
			isa = XCConfigurationList;
			buildConfigurations = (
				F5381DD82CE1029D00984D52 /* Debug */,
				F5381DD92CE1029D00984D52 /* Release */,
			);
			defaultConfigurationIsVisible = 0;
			defaultConfigurationName = Release;
		};
		F5381DDA2CE1029D00984D52 /* Build configuration list for PBXNativeTarget "VirdiZeban" */ = {
			isa = XCConfigurationList;
			buildConfigurations = (
				F5381DDB2CE1029D00984D52 /* Debug */,
				F5381DDC2CE1029D00984D52 /* Release */,
			);
			defaultConfigurationIsVisible = 0;
			defaultConfigurationName = Release;
		};
		F5381DDD2CE1029D00984D52 /* Build configuration list for PBXNativeTarget "VirdiZebanTests" */ = {
			isa = XCConfigurationList;
			buildConfigurations = (
				F5381DDE2CE1029D00984D52 /* Debug */,
				F5381DDF2CE1029D00984D52 /* Release */,
			);
			defaultConfigurationIsVisible = 0;
			defaultConfigurationName = Release;
		};
		F5381DE02CE1029D00984D52 /* Build configuration list for PBXNativeTarget "VirdiZebanUITests" */ = {
			isa = XCConfigurationList;
			buildConfigurations = (
				F5381DE12CE1029D00984D52 /* Debug */,
				F5381DE22CE1029D00984D52 /* Release */,
			);
			defaultConfigurationIsVisible = 0;
			defaultConfigurationName = Release;
		};
/* End XCConfigurationList section */

/* Begin XCRemoteSwiftPackageReference section */
		F5381DEB2CE10D0000984D52 /* XCRemoteSwiftPackageReference "swift-composable-architecture" */ = {
			isa = XCRemoteSwiftPackageReference;
			repositoryURL = "https://github.com/pointfreeco/swift-composable-architecture.git";
			requirement = {
				kind = upToNextMajorVersion;
				minimumVersion = 1.15.2;
			};
		};
/* End XCRemoteSwiftPackageReference section */

/* Begin XCSwiftPackageProductDependency section */
		F5381DEC2CE10D6B00984D52 /* ComposableArchitecture */ = {
			isa = XCSwiftPackageProductDependency;
			package = F5381DEB2CE10D0000984D52 /* XCRemoteSwiftPackageReference "swift-composable-architecture" */;
			productName = ComposableArchitecture;
		};
/* End XCSwiftPackageProductDependency section */
	};
	rootObject = F5381DAE2CE1029B00984D52 /* Project object */;
}
